
Microsoft Visual Studio Solution File, Format Version 12.00
# Visual Studio Version 17
VisualStudioVersion = 17.9.34728.123
MinimumVisualStudioVersion = 10.0.40219.1
Project("{9A19103F-16F7-4668-BE54-9A1E7A4F7556}") = "Persistify", "Persistify\Persistify.csproj", "{068D5D07-6299-4813-A7FF-A9EB99AC73F0}"
EndProject
Project("{9A19103F-16F7-4668-BE54-9A1E7A4F7556}") = "Persistify.Csv", "Persistify.Csv\Persistify.Csv.csproj", "{BE2E2CDF-C13A-4329-9EF2-50D9B475904E}"
EndProject
Project("{9A19103F-16F7-4668-BE54-9A1E7A4F7556}") = "Persistify.MemoryPack", "Persistify.MemoryPack\Persistify.MemoryPack.csproj", "{6B522D51-E1A7-405A-836D-BD2A0DF489B0}"
EndProject
Project("{FAE04EC0-301F-11D3-BF4B-00C04F79EFBC}") = "Persistify.Test", "Persistify.Test\Persistify.Test.csproj", "{D11D57B2-3777-4A14-86E3-D10F2955FC66}"
EndProject
Global
	GlobalSection(SolutionConfigurationPlatforms) = preSolution
		Debug|Any CPU = Debug|Any CPU
		Release|Any CPU = Release|Any CPU
	EndGlobalSection
	GlobalSection(ProjectConfigurationPlatforms) = postSolution
		{068D5D07-6299-4813-A7FF-A9EB99AC73F0}.Debug|Any CPU.ActiveCfg = Debug|Any CPU
		{068D5D07-6299-4813-A7FF-A9EB99AC73F0}.Debug|Any CPU.Build.0 = Debug|Any CPU
		{068D5D07-6299-4813-A7FF-A9EB99AC73F0}.Release|Any CPU.ActiveCfg = Release|Any CPU
		{068D5D07-6299-4813-A7FF-A9EB99AC73F0}.Release|Any CPU.Build.0 = Release|Any CPU
		{BE2E2CDF-C13A-4329-9EF2-50D9B475904E}.Debug|Any CPU.ActiveCfg = Debug|Any CPU
		{BE2E2CDF-C13A-4329-9EF2-50D9B475904E}.Debug|Any CPU.Build.0 = Debug|Any CPU
		{BE2E2CDF-C13A-4329-9EF2-50D9B475904E}.Release|Any CPU.ActiveCfg = Release|Any CPU
		{BE2E2CDF-C13A-4329-9EF2-50D9B475904E}.Release|Any CPU.Build.0 = Release|Any CPU
		{6B522D51-E1A7-405A-836D-BD2A0DF489B0}.Debug|Any CPU.ActiveCfg = Debug|Any CPU
		{6B522D51-E1A7-405A-836D-BD2A0DF489B0}.Debug|Any CPU.Build.0 = Debug|Any CPU
		{6B522D51-E1A7-405A-836D-BD2A0DF489B0}.Release|Any CPU.ActiveCfg = Release|Any CPU
		{6B522D51-E1A7-405A-836D-BD2A0DF489B0}.Release|Any CPU.Build.0 = Release|Any CPU
		{D11D57B2-3777-4A14-86E3-D10F2955FC66}.Debug|Any CPU.ActiveCfg = Debug|Any CPU
		{D11D57B2-3777-4A14-86E3-D10F2955FC66}.Debug|Any CPU.Build.0 = Debug|Any CPU
		{D11D57B2-3777-4A14-86E3-D10F2955FC66}.Release|Any CPU.ActiveCfg = Release|Any CPU
		{D11D57B2-3777-4A14-86E3-D10F2955FC66}.Release|Any CPU.Build.0 = Release|Any CPU
	EndGlobalSection
	GlobalSection(SolutionProperties) = preSolution
		HideSolutionNode = FALSE
	EndGlobalSection
	GlobalSection(ExtensibilityGlobals) = postSolution
		SolutionGuid = {DEB4D652-65B4-4963-AB18-5B75C7B96453}
	EndGlobalSection
EndGlobal
